
Microsoft Visual Studio Solution File, Format Version 12.00
# Visual Studio Version 17
VisualStudioVersion = 17.14.36301.6 d17.14
MinimumVisualStudioVersion = 10.0.40219.1
Project("{FAE04EC0-301F-11D3-BF4B-00C04F79EFBC}") = "backend", "backend\backend.csproj", "{65D01759-B527-4089-9FD6-1FA7181AF6D6}"
EndProject
Project("{FAE04EC0-301F-11D3-BF4B-00C04F79EFBC}") = "Application", "Application\Application.csproj", "{96FDE028-EC49-4DCC-911A-55D6F1BAC4D3}"
EndProject
Project("{FAE04EC0-301F-11D3-BF4B-00C04F79EFBC}") = "Domain", "Domain\Domain.csproj", "{9717B8AE-D791-4E7F-B492-280929209746}"
EndProject
Project("{FAE04EC0-301F-11D3-BF4B-00C04F79EFBC}") = "MapperAdapter", "MapperAdapter\MapperAdapter.csproj", "{DF5A4112-E23C-4DF9-8631-95ED74A5EB01}"
EndProject
Project("{FAE04EC0-301F-11D3-BF4B-00C04F79EFBC}") = "ORMAdapter", "ORMAdapter\ORMAdapter.csproj", "{218CC5D3-C9D0-44C2-A930-3E926E880DA1}"
EndProject
Global
	GlobalSection(SolutionConfigurationPlatforms) = preSolution
		Debug|Any CPU = Debug|Any CPU
		Release|Any CPU = Release|Any CPU
	EndGlobalSection
	GlobalSection(ProjectConfigurationPlatforms) = postSolution
		{65D01759-B527-4089-9FD6-1FA7181AF6D6}.Debug|Any CPU.ActiveCfg = Debug|Any CPU
		{65D01759-B527-4089-9FD6-1FA7181AF6D6}.Debug|Any CPU.Build.0 = Debug|Any CPU
		{65D01759-B527-4089-9FD6-1FA7181AF6D6}.Release|Any CPU.ActiveCfg = Release|Any CPU
		{65D01759-B527-4089-9FD6-1FA7181AF6D6}.Release|Any CPU.Build.0 = Release|Any CPU
		{96FDE028-EC49-4DCC-911A-55D6F1BAC4D3}.Debug|Any CPU.ActiveCfg = Debug|Any CPU
		{96FDE028-EC49-4DCC-911A-55D6F1BAC4D3}.Debug|Any CPU.Build.0 = Debug|Any CPU
		{96FDE028-EC49-4DCC-911A-55D6F1BAC4D3}.Release|Any CPU.ActiveCfg = Release|Any CPU
		{96FDE028-EC49-4DCC-911A-55D6F1BAC4D3}.Release|Any CPU.Build.0 = Release|Any CPU
		{9717B8AE-D791-4E7F-B492-280929209746}.Debug|Any CPU.ActiveCfg = Debug|Any CPU
		{9717B8AE-D791-4E7F-B492-280929209746}.Debug|Any CPU.Build.0 = Debug|Any CPU
		{9717B8AE-D791-4E7F-B492-280929209746}.Release|Any CPU.ActiveCfg = Release|Any CPU
		{9717B8AE-D791-4E7F-B492-280929209746}.Release|Any CPU.Build.0 = Release|Any CPU
		{DF5A4112-E23C-4DF9-8631-95ED74A5EB01}.Debug|Any CPU.ActiveCfg = Debug|Any CPU
		{DF5A4112-E23C-4DF9-8631-95ED74A5EB01}.Debug|Any CPU.Build.0 = Debug|Any CPU
		{DF5A4112-E23C-4DF9-8631-95ED74A5EB01}.Release|Any CPU.ActiveCfg = Release|Any CPU
		{DF5A4112-E23C-4DF9-8631-95ED74A5EB01}.Release|Any CPU.Build.0 = Release|Any CPU
		{218CC5D3-C9D0-44C2-A930-3E926E880DA1}.Debug|Any CPU.ActiveCfg = Debug|Any CPU
		{218CC5D3-C9D0-44C2-A930-3E926E880DA1}.Debug|Any CPU.Build.0 = Debug|Any CPU
		{218CC5D3-C9D0-44C2-A930-3E926E880DA1}.Release|Any CPU.ActiveCfg = Release|Any CPU
		{218CC5D3-C9D0-44C2-A930-3E926E880DA1}.Release|Any CPU.Build.0 = Release|Any CPU
	EndGlobalSection
	GlobalSection(SolutionProperties) = preSolution
		HideSolutionNode = FALSE
	EndGlobalSection
	GlobalSection(ExtensibilityGlobals) = postSolution
		SolutionGuid = {6C94F378-C7C8-43E8-810B-B7A25EC705B6}
	EndGlobalSection
EndGlobal
